// !$*UTF8*$!
{
	archiveVersion = 1;
	classes = {
	};
	objectVersion = 56;
	objects = {

/* Begin PBXBuildFile section */
		D41C0E652951F89C00EB4C54 /* OrderedCollections in Frameworks */ = {isa = PBXBuildFile; productRef = D41C0E642951F89C00EB4C54 /* OrderedCollections */; };
		D41C0E682952049A00EB4C54 /* APDU.swift in Sources */ = {isa = PBXBuildFile; fileRef = D41C0E672952049A00EB4C54 /* APDU.swift */; };
		D41C0E6A2952060100EB4C54 /* SelectApplicationAPDU.swift in Sources */ = {isa = PBXBuildFile; fileRef = D41C0E692952060100EB4C54 /* SelectApplicationAPDU.swift */; };
		D41C0E6C2952068E00EB4C54 /* CalculateAllAPDU.swift in Sources */ = {isa = PBXBuildFile; fileRef = D41C0E6B2952068E00EB4C54 /* CalculateAllAPDU.swift */; };
		D41C0E73295213E200EB4C54 /* AuthCodeParser.swift in Sources */ = {isa = PBXBuildFile; fileRef = D41C0E72295213E200EB4C54 /* AuthCodeParser.swift */; };
		D41C0E752952143500EB4C54 /* OathCodeItem.swift in Sources */ = {isa = PBXBuildFile; fileRef = D41C0E742952143500EB4C54 /* OathCodeItem.swift */; };
		D41C0E782952159900EB4C54 /* OathCode.swift in Sources */ = {isa = PBXBuildFile; fileRef = D41C0E772952159900EB4C54 /* OathCode.swift */; };
		D41C0E7A2952182100EB4C54 /* Yubi.swift in Sources */ = {isa = PBXBuildFile; fileRef = D41C0E792952182100EB4C54 /* Yubi.swift */; };
		D4258D7C293A83A100607A5B /* MiniYubiOathApp.swift in Sources */ = {isa = PBXBuildFile; fileRef = D4258D7B293A83A100607A5B /* MiniYubiOathApp.swift */; };
		D4258D80293A83A200607A5B /* Assets.xcassets in Resources */ = {isa = PBXBuildFile; fileRef = D4258D7F293A83A200607A5B /* Assets.xcassets */; };
		D4258D83293A83A200607A5B /* Preview Assets.xcassets in Resources */ = {isa = PBXBuildFile; fileRef = D4258D82293A83A200607A5B /* Preview Assets.xcassets */; };
		D4258D8B293A859500607A5B /* AppMenu.swift in Sources */ = {isa = PBXBuildFile; fileRef = D4258D8A293A859500607A5B /* AppMenu.swift */; };
/* End PBXBuildFile section */

/* Begin PBXCopyFilesBuildPhase section */
		D4A4B7CA293B82D60092ECC9 /* Embed System Extensions */ = {
			isa = PBXCopyFilesBuildPhase;
			buildActionMask = 2147483647;
			dstPath = "$(SYSTEM_EXTENSIONS_FOLDER_PATH)";
			dstSubfolderSpec = 16;
			files = (
			);
			name = "Embed System Extensions";
			runOnlyForDeploymentPostprocessing = 0;
		};
/* End PBXCopyFilesBuildPhase section */

/* Begin PBXFileReference section */
		D41C0E672952049A00EB4C54 /* APDU.swift */ = {isa = PBXFileReference; lastKnownFileType = sourcecode.swift; path = APDU.swift; sourceTree = "<group>"; };
		D41C0E692952060100EB4C54 /* SelectApplicationAPDU.swift */ = {isa = PBXFileReference; lastKnownFileType = sourcecode.swift; path = SelectApplicationAPDU.swift; sourceTree = "<group>"; };
		D41C0E6B2952068E00EB4C54 /* CalculateAllAPDU.swift */ = {isa = PBXFileReference; lastKnownFileType = sourcecode.swift; path = CalculateAllAPDU.swift; sourceTree = "<group>"; };
		D41C0E72295213E200EB4C54 /* AuthCodeParser.swift */ = {isa = PBXFileReference; lastKnownFileType = sourcecode.swift; path = AuthCodeParser.swift; sourceTree = "<group>"; };
		D41C0E742952143500EB4C54 /* OathCodeItem.swift */ = {isa = PBXFileReference; lastKnownFileType = sourcecode.swift; path = OathCodeItem.swift; sourceTree = "<group>"; };
		D41C0E772952159900EB4C54 /* OathCode.swift */ = {isa = PBXFileReference; lastKnownFileType = sourcecode.swift; path = OathCode.swift; sourceTree = "<group>"; };
		D41C0E792952182100EB4C54 /* Yubi.swift */ = {isa = PBXFileReference; lastKnownFileType = sourcecode.swift; path = Yubi.swift; sourceTree = "<group>"; };
		D4258D78293A83A100607A5B /* Yoath.app */ = {isa = PBXFileReference; explicitFileType = wrapper.application; includeInIndex = 0; path = Yoath.app; sourceTree = BUILT_PRODUCTS_DIR; };
		D4258D7B293A83A100607A5B /* MiniYubiOathApp.swift */ = {isa = PBXFileReference; lastKnownFileType = sourcecode.swift; path = MiniYubiOathApp.swift; sourceTree = "<group>"; };
		D4258D7F293A83A200607A5B /* Assets.xcassets */ = {isa = PBXFileReference; lastKnownFileType = folder.assetcatalog; path = Assets.xcassets; sourceTree = "<group>"; };
		D4258D82293A83A200607A5B /* Preview Assets.xcassets */ = {isa = PBXFileReference; lastKnownFileType = folder.assetcatalog; path = "Preview Assets.xcassets"; sourceTree = "<group>"; };
		D4258D84293A83A200607A5B /* MiniYubiOath.entitlements */ = {isa = PBXFileReference; lastKnownFileType = text.plist.entitlements; path = MiniYubiOath.entitlements; sourceTree = "<group>"; };
		D4258D8A293A859500607A5B /* AppMenu.swift */ = {isa = PBXFileReference; lastKnownFileType = sourcecode.swift; path = AppMenu.swift; sourceTree = "<group>"; };
		D4988924293E9195003955E0 /* Info.plist */ = {isa = PBXFileReference; lastKnownFileType = text.plist; path = Info.plist; sourceTree = "<group>"; };
		D4A4B7BC293B82D60092ECC9 /* DriverKit.framework */ = {isa = PBXFileReference; lastKnownFileType = wrapper.framework; name = DriverKit.framework; path = System/Library/Frameworks/DriverKit.framework; sourceTree = SDKROOT; };
/* End PBXFileReference section */

/* Begin PBXFrameworksBuildPhase section */
		D4258D75293A83A100607A5B /* Frameworks */ = {
			isa = PBXFrameworksBuildPhase;
			buildActionMask = 2147483647;
			files = (
				D41C0E652951F89C00EB4C54 /* OrderedCollections in Frameworks */,
			);
			runOnlyForDeploymentPostprocessing = 0;
		};
/* End PBXFrameworksBuildPhase section */

/* Begin PBXGroup section */
		D41C0E662952047400EB4C54 /* SmartCard */ = {
			isa = PBXGroup;
			children = (
				D41C0E672952049A00EB4C54 /* APDU.swift */,
				D41C0E692952060100EB4C54 /* SelectApplicationAPDU.swift */,
				D41C0E6B2952068E00EB4C54 /* CalculateAllAPDU.swift */,
				D41C0E72295213E200EB4C54 /* AuthCodeParser.swift */,
			);
			path = SmartCard;
			sourceTree = "<group>";
		};
		D41C0E6F295212AA00EB4C54 /* UI */ = {
			isa = PBXGroup;
			children = (
				D4258D8A293A859500607A5B /* AppMenu.swift */,
				D41C0E742952143500EB4C54 /* OathCodeItem.swift */,
			);
			path = UI;
			sourceTree = "<group>";
		};
		D41C0E762952155100EB4C54 /* Models */ = {
			isa = PBXGroup;
			children = (
				D41C0E772952159900EB4C54 /* OathCode.swift */,
			);
			path = Models;
			sourceTree = "<group>";
		};
		D4258D6F293A83A100607A5B = {
			isa = PBXGroup;
			children = (
				D4258D7A293A83A100607A5B /* MiniYubiOath */,
				D4A4B7BB293B82D60092ECC9 /* Frameworks */,
				D4258D79293A83A100607A5B /* Products */,
			);
			sourceTree = "<group>";
		};
		D4258D79293A83A100607A5B /* Products */ = {
			isa = PBXGroup;
			children = (
				D4258D78293A83A100607A5B /* Yoath.app */,
			);
			name = Products;
			sourceTree = "<group>";
		};
		D4258D7A293A83A100607A5B /* MiniYubiOath */ = {
			isa = PBXGroup;
			children = (
				D41C0E762952155100EB4C54 /* Models */,
				D41C0E6F295212AA00EB4C54 /* UI */,
				D41C0E662952047400EB4C54 /* SmartCard */,
				D4258D7B293A83A100607A5B /* MiniYubiOathApp.swift */,
				D41C0E792952182100EB4C54 /* Yubi.swift */,
				D4988924293E9195003955E0 /* Info.plist */,
				D4258D7F293A83A200607A5B /* Assets.xcassets */,
				D4258D84293A83A200607A5B /* MiniYubiOath.entitlements */,
				D4258D81293A83A200607A5B /* Preview Content */,
			);
			path = MiniYubiOath;
			sourceTree = "<group>";
		};
		D4258D81293A83A200607A5B /* Preview Content */ = {
			isa = PBXGroup;
			children = (
				D4258D82293A83A200607A5B /* Preview Assets.xcassets */,
			);
			path = "Preview Content";
			sourceTree = "<group>";
		};
		D4A4B7BB293B82D60092ECC9 /* Frameworks */ = {
			isa = PBXGroup;
			children = (
				D4A4B7BC293B82D60092ECC9 /* DriverKit.framework */,
			);
			name = Frameworks;
			sourceTree = "<group>";
		};
/* End PBXGroup section */

/* Begin PBXNativeTarget section */
		D4258D77293A83A100607A5B /* Yoath */ = {
			isa = PBXNativeTarget;
			buildConfigurationList = D4258D87293A83A200607A5B /* Build configuration list for PBXNativeTarget "Yoath" */;
			buildPhases = (
				D4258D74293A83A100607A5B /* Sources */,
				D4258D75293A83A100607A5B /* Frameworks */,
				D4258D76293A83A100607A5B /* Resources */,
				D4A4B7CA293B82D60092ECC9 /* Embed System Extensions */,
			);
			buildRules = (
			);
			dependencies = (
			);
			name = Yoath;
			packageProductDependencies = (
				D41C0E642951F89C00EB4C54 /* OrderedCollections */,
			);
			productName = MiniYubiOath;
			productReference = D4258D78293A83A100607A5B /* Yoath.app */;
			productType = "com.apple.product-type.application";
		};
/* End PBXNativeTarget section */

/* Begin PBXProject section */
		D4258D70293A83A100607A5B /* Project object */ = {
			isa = PBXProject;
			attributes = {
				BuildIndependentTargetsInParallel = 1;
				LastSwiftUpdateCheck = 1410;
				LastUpgradeCheck = 1420;
				TargetAttributes = {
					D4258D77293A83A100607A5B = {
						CreatedOnToolsVersion = 14.1;
					};
				};
			};
			buildConfigurationList = D4258D73293A83A100607A5B /* Build configuration list for PBXProject "MiniYubiOath" */;
			compatibilityVersion = "Xcode 14.0";
			developmentRegion = en;
			hasScannedForEncodings = 0;
			knownRegions = (
				en,
				Base,
			);
			mainGroup = D4258D6F293A83A100607A5B;
			packageReferences = (
				D41C0E632951F89C00EB4C54 /* XCRemoteSwiftPackageReference "swift-collections" */,
			);
			productRefGroup = D4258D79293A83A100607A5B /* Products */;
			projectDirPath = "";
			projectRoot = "";
			targets = (
				D4258D77293A83A100607A5B /* Yoath */,
			);
		};
/* End PBXProject section */

/* Begin PBXResourcesBuildPhase section */
		D4258D76293A83A100607A5B /* Resources */ = {
			isa = PBXResourcesBuildPhase;
			buildActionMask = 2147483647;
			files = (
				D4258D83293A83A200607A5B /* Preview Assets.xcassets in Resources */,
				D4258D80293A83A200607A5B /* Assets.xcassets in Resources */,
			);
			runOnlyForDeploymentPostprocessing = 0;
		};
/* End PBXResourcesBuildPhase section */

/* Begin PBXSourcesBuildPhase section */
		D4258D74293A83A100607A5B /* Sources */ = {
			isa = PBXSourcesBuildPhase;
			buildActionMask = 2147483647;
			files = (
				D41C0E7A2952182100EB4C54 /* Yubi.swift in Sources */,
				D4258D8B293A859500607A5B /* AppMenu.swift in Sources */,
				D4258D7C293A83A100607A5B /* MiniYubiOathApp.swift in Sources */,
				D41C0E752952143500EB4C54 /* OathCodeItem.swift in Sources */,
				D41C0E782952159900EB4C54 /* OathCode.swift in Sources */,
				D41C0E6A2952060100EB4C54 /* SelectApplicationAPDU.swift in Sources */,
				D41C0E6C2952068E00EB4C54 /* CalculateAllAPDU.swift in Sources */,
				D41C0E682952049A00EB4C54 /* APDU.swift in Sources */,
				D41C0E73295213E200EB4C54 /* AuthCodeParser.swift in Sources */,
			);
			runOnlyForDeploymentPostprocessing = 0;
		};
/* End PBXSourcesBuildPhase section */

/* Begin XCBuildConfiguration section */
		D4258D85293A83A200607A5B /* Debug */ = {
			isa = XCBuildConfiguration;
			buildSettings = {
				ALWAYS_SEARCH_USER_PATHS = NO;
				CLANG_ANALYZER_NONNULL = YES;
				CLANG_ANALYZER_NUMBER_OBJECT_CONVERSION = YES_AGGRESSIVE;
				CLANG_CXX_LANGUAGE_STANDARD = "gnu++20";
				CLANG_ENABLE_MODULES = YES;
				CLANG_ENABLE_OBJC_ARC = YES;
				CLANG_ENABLE_OBJC_WEAK = YES;
				CLANG_WARN_BLOCK_CAPTURE_AUTORELEASING = YES;
				CLANG_WARN_BOOL_CONVERSION = YES;
				CLANG_WARN_COMMA = YES;
				CLANG_WARN_CONSTANT_CONVERSION = YES;
				CLANG_WARN_DEPRECATED_OBJC_IMPLEMENTATIONS = YES;
				CLANG_WARN_DIRECT_OBJC_ISA_USAGE = YES_ERROR;
				CLANG_WARN_DOCUMENTATION_COMMENTS = YES;
				CLANG_WARN_EMPTY_BODY = YES;
				CLANG_WARN_ENUM_CONVERSION = YES;
				CLANG_WARN_INFINITE_RECURSION = YES;
				CLANG_WARN_INT_CONVERSION = YES;
				CLANG_WARN_NON_LITERAL_NULL_CONVERSION = YES;
				CLANG_WARN_OBJC_IMPLICIT_RETAIN_SELF = YES;
				CLANG_WARN_OBJC_LITERAL_CONVERSION = YES;
				CLANG_WARN_OBJC_ROOT_CLASS = YES_ERROR;
				CLANG_WARN_QUOTED_INCLUDE_IN_FRAMEWORK_HEADER = YES;
				CLANG_WARN_RANGE_LOOP_ANALYSIS = YES;
				CLANG_WARN_STRICT_PROTOTYPES = YES;
				CLANG_WARN_SUSPICIOUS_MOVE = YES;
				CLANG_WARN_UNGUARDED_AVAILABILITY = YES_AGGRESSIVE;
				CLANG_WARN_UNREACHABLE_CODE = YES;
				CLANG_WARN__DUPLICATE_METHOD_MATCH = YES;
				COPY_PHASE_STRIP = NO;
				DEAD_CODE_STRIPPING = YES;
				DEBUG_INFORMATION_FORMAT = dwarf;
				ENABLE_STRICT_OBJC_MSGSEND = YES;
				ENABLE_TESTABILITY = YES;
				GCC_C_LANGUAGE_STANDARD = gnu11;
				GCC_DYNAMIC_NO_PIC = NO;
				GCC_NO_COMMON_BLOCKS = YES;
				GCC_OPTIMIZATION_LEVEL = 0;
				GCC_PREPROCESSOR_DEFINITIONS = (
					"DEBUG=1",
					"$(inherited)",
				);
				GCC_WARN_64_TO_32_BIT_CONVERSION = YES;
				GCC_WARN_ABOUT_RETURN_TYPE = YES_ERROR;
				GCC_WARN_UNDECLARED_SELECTOR = YES;
				GCC_WARN_UNINITIALIZED_AUTOS = YES_AGGRESSIVE;
				GCC_WARN_UNUSED_FUNCTION = YES;
				GCC_WARN_UNUSED_VARIABLE = YES;
				MACOSX_DEPLOYMENT_TARGET = 13.0;
				MTL_ENABLE_DEBUG_INFO = INCLUDE_SOURCE;
				MTL_FAST_MATH = YES;
				ONLY_ACTIVE_ARCH = YES;
				SDKROOT = macosx;
				SWIFT_ACTIVE_COMPILATION_CONDITIONS = DEBUG;
				SWIFT_OPTIMIZATION_LEVEL = "-Onone";
			};
			name = Debug;
		};
		D4258D86293A83A200607A5B /* Release */ = {
			isa = XCBuildConfiguration;
			buildSettings = {
				ALWAYS_SEARCH_USER_PATHS = NO;
				CLANG_ANALYZER_NONNULL = YES;
				CLANG_ANALYZER_NUMBER_OBJECT_CONVERSION = YES_AGGRESSIVE;
				CLANG_CXX_LANGUAGE_STANDARD = "gnu++20";
				CLANG_ENABLE_MODULES = YES;
				CLANG_ENABLE_OBJC_ARC = YES;
				CLANG_ENABLE_OBJC_WEAK = YES;
				CLANG_WARN_BLOCK_CAPTURE_AUTORELEASING = YES;
				CLANG_WARN_BOOL_CONVERSION = YES;
				CLANG_WARN_COMMA = YES;
				CLANG_WARN_CONSTANT_CONVERSION = YES;
				CLANG_WARN_DEPRECATED_OBJC_IMPLEMENTATIONS = YES;
				CLANG_WARN_DIRECT_OBJC_ISA_USAGE = YES_ERROR;
				CLANG_WARN_DOCUMENTATION_COMMENTS = YES;
				CLANG_WARN_EMPTY_BODY = YES;
				CLANG_WARN_ENUM_CONVERSION = YES;
				CLANG_WARN_INFINITE_RECURSION = YES;
				CLANG_WARN_INT_CONVERSION = YES;
				CLANG_WARN_NON_LITERAL_NULL_CONVERSION = YES;
				CLANG_WARN_OBJC_IMPLICIT_RETAIN_SELF = YES;
				CLANG_WARN_OBJC_LITERAL_CONVERSION = YES;
				CLANG_WARN_OBJC_ROOT_CLASS = YES_ERROR;
				CLANG_WARN_QUOTED_INCLUDE_IN_FRAMEWORK_HEADER = YES;
				CLANG_WARN_RANGE_LOOP_ANALYSIS = YES;
				CLANG_WARN_STRICT_PROTOTYPES = YES;
				CLANG_WARN_SUSPICIOUS_MOVE = YES;
				CLANG_WARN_UNGUARDED_AVAILABILITY = YES_AGGRESSIVE;
				CLANG_WARN_UNREACHABLE_CODE = YES;
				CLANG_WARN__DUPLICATE_METHOD_MATCH = YES;
				COPY_PHASE_STRIP = NO;
				DEAD_CODE_STRIPPING = YES;
				DEBUG_INFORMATION_FORMAT = "dwarf-with-dsym";
				ENABLE_NS_ASSERTIONS = NO;
				ENABLE_STRICT_OBJC_MSGSEND = YES;
				GCC_C_LANGUAGE_STANDARD = gnu11;
				GCC_NO_COMMON_BLOCKS = YES;
				GCC_WARN_64_TO_32_BIT_CONVERSION = YES;
				GCC_WARN_ABOUT_RETURN_TYPE = YES_ERROR;
				GCC_WARN_UNDECLARED_SELECTOR = YES;
				GCC_WARN_UNINITIALIZED_AUTOS = YES_AGGRESSIVE;
				GCC_WARN_UNUSED_FUNCTION = YES;
				GCC_WARN_UNUSED_VARIABLE = YES;
				MACOSX_DEPLOYMENT_TARGET = 13.0;
				MTL_ENABLE_DEBUG_INFO = NO;
				MTL_FAST_MATH = YES;
				SDKROOT = macosx;
				SWIFT_COMPILATION_MODE = wholemodule;
				SWIFT_OPTIMIZATION_LEVEL = "-O";
			};
			name = Release;
		};
		D4258D88293A83A200607A5B /* Debug */ = {
			isa = XCBuildConfiguration;
			buildSettings = {
				ASSETCATALOG_COMPILER_APPICON_NAME = AppIcon;
				ASSETCATALOG_COMPILER_GLOBAL_ACCENT_COLOR_NAME = AccentColor;
				CODE_SIGN_ENTITLEMENTS = MiniYubiOath/MiniYubiOath.entitlements;
				CODE_SIGN_IDENTITY = "-";
				CODE_SIGN_STYLE = Automatic;
				COMBINE_HIDPI_IMAGES = YES;
				CURRENT_PROJECT_VERSION = 1;
				DEAD_CODE_STRIPPING = YES;
				DEVELOPMENT_ASSET_PATHS = "\"MiniYubiOath/Preview Content\"";
				DEVELOPMENT_TEAM = DVZVQBGZFR;
				ENABLE_HARDENED_RUNTIME = YES;
				ENABLE_PREVIEWS = YES;
				GENERATE_INFOPLIST_FILE = YES;
				INFOPLIST_FILE = MiniYubiOath/Info.plist;
				INFOPLIST_KEY_CFBundleDisplayName = Yoath;
				INFOPLIST_KEY_LSUIElement = YES;
				INFOPLIST_KEY_NSHumanReadableCopyright = "";
				LD_RUNPATH_SEARCH_PATHS = (
					"$(inherited)",
					"@executable_path/../Frameworks",
				);
				MARKETING_VERSION = 1.0;
				PRODUCT_BUNDLE_IDENTIFIER = io.r0b.MiniYubiOath;
				PRODUCT_NAME = "$(TARGET_NAME)";
				SWIFT_EMIT_LOC_STRINGS = YES;
				SWIFT_OBJC_BRIDGING_HEADER = "";
				SWIFT_VERSION = 5.0;
			};
			name = Debug;
		};
		D4258D89293A83A200607A5B /* Release */ = {
			isa = XCBuildConfiguration;
			buildSettings = {
				ASSETCATALOG_COMPILER_APPICON_NAME = AppIcon;
				ASSETCATALOG_COMPILER_GLOBAL_ACCENT_COLOR_NAME = AccentColor;
				CODE_SIGN_ENTITLEMENTS = MiniYubiOath/MiniYubiOath.entitlements;
				CODE_SIGN_IDENTITY = "-";
				CODE_SIGN_STYLE = Automatic;
				COMBINE_HIDPI_IMAGES = YES;
				CURRENT_PROJECT_VERSION = 1;
				DEAD_CODE_STRIPPING = YES;
				DEVELOPMENT_ASSET_PATHS = "\"MiniYubiOath/Preview Content\"";
				DEVELOPMENT_TEAM = DVZVQBGZFR;
				ENABLE_HARDENED_RUNTIME = YES;
				ENABLE_PREVIEWS = YES;
				GENERATE_INFOPLIST_FILE = YES;
				INFOPLIST_FILE = MiniYubiOath/Info.plist;
				INFOPLIST_KEY_CFBundleDisplayName = Yoath;
				INFOPLIST_KEY_LSUIElement = YES;
				INFOPLIST_KEY_NSHumanReadableCopyright = "";
				LD_RUNPATH_SEARCH_PATHS = (
					"$(inherited)",
					"@executable_path/../Frameworks",
				);
				MARKETING_VERSION = 1.0;
				PRODUCT_BUNDLE_IDENTIFIER = io.r0b.MiniYubiOath;
				PRODUCT_NAME = "$(TARGET_NAME)";
				SWIFT_EMIT_LOC_STRINGS = YES;
				SWIFT_OBJC_BRIDGING_HEADER = "";
				SWIFT_VERSION = 5.0;
			};
			name = Release;
		};
/* End XCBuildConfiguration section */

/* Begin XCConfigurationList section */
		D4258D73293A83A100607A5B /* Build configuration list for PBXProject "MiniYubiOath" */ = {
			isa = XCConfigurationList;
			buildConfigurations = (
				D4258D85293A83A200607A5B /* Debug */,
				D4258D86293A83A200607A5B /* Release */,
			);
			defaultConfigurationIsVisible = 0;
			defaultConfigurationName = Release;
		};
		D4258D87293A83A200607A5B /* Build configuration list for PBXNativeTarget "Yoath" */ = {
			isa = XCConfigurationList;
			buildConfigurations = (
				D4258D88293A83A200607A5B /* Debug */,
				D4258D89293A83A200607A5B /* Release */,
			);
			defaultConfigurationIsVisible = 0;
			defaultConfigurationName = Release;
		};
/* End XCConfigurationList section */

/* Begin XCRemoteSwiftPackageReference section */
		D41C0E632951F89C00EB4C54 /* XCRemoteSwiftPackageReference "swift-collections" */ = {
			isa = XCRemoteSwiftPackageReference;
			repositoryURL = "https://github.com/apple/swift-collections.git";
			requirement = {
				kind = upToNextMajorVersion;
				minimumVersion = 1.0.0;
			};
		};
/* End XCRemoteSwiftPackageReference section */

/* Begin XCSwiftPackageProductDependency section */
		D41C0E642951F89C00EB4C54 /* OrderedCollections */ = {
			isa = XCSwiftPackageProductDependency;
			package = D41C0E632951F89C00EB4C54 /* XCRemoteSwiftPackageReference "swift-collections" */;
			productName = OrderedCollections;
		};
/* End XCSwiftPackageProductDependency section */
	};
	rootObject = D4258D70293A83A100607A5B /* Project object */;
}
